
Microsoft Visual Studio Solution File, Format Version 12.00
# Visual Studio Version 17
VisualStudioVersion = 17.10.35122.118
MinimumVisualStudioVersion = 10.0.40219.1
Project("{FAE04EC0-301F-11D3-BF4B-00C04F79EFBC}") = "TuTiendita", "TuTiendita\TuTiendita.csproj", "{3A025F02-125D-4F88-9A3B-8B846B1C8F56}"
EndProject
Project("{2150E333-8FDC-42A3-9474-1A3956D46DE8}") = "Solution Items", "Solution Items", "{F48830D9-0FFA-4B47-919D-2EB702AD3529}"
EndProject
Global
	GlobalSection(SolutionConfigurationPlatforms) = preSolution
		Debug|Any CPU = Debug|Any CPU
		Release|Any CPU = Release|Any CPU
	EndGlobalSection
	GlobalSection(ProjectConfigurationPlatforms) = postSolution
		{3A025F02-125D-4F88-9A3B-8B846B1C8F56}.Debug|Any CPU.ActiveCfg = Debug|Any CPU
		{3A025F02-125D-4F88-9A3B-8B846B1C8F56}.Debug|Any CPU.Build.0 = Debug|Any CPU
		{3A025F02-125D-4F88-9A3B-8B846B1C8F56}.Release|Any CPU.ActiveCfg = Release|Any CPU
		{3A025F02-125D-4F88-9A3B-8B846B1C8F56}.Release|Any CPU.Build.0 = Release|Any CPU
	EndGlobalSection
	GlobalSection(SolutionProperties) = preSolution
		HideSolutionNode = FALSE
	EndGlobalSection
	GlobalSection(ExtensibilityGlobals) = postSolution
		SolutionGuid = {5D2AAE60-B882-475A-BDB2-BE913642D39C}
	EndGlobalSection
EndGlobal
